
Microsoft Visual Studio Solution File, Format Version 12.00
# Visual Studio Version 16
VisualStudioVersion = 16.0.29709.97
MinimumVisualStudioVersion = 10.0.40219.1
Project("{9A19103F-16F7-4668-BE54-9A1E7A4F7556}") = "EventosTec.Library", "EventosTec.Library\EventosTec.Library.csproj", "{FA85F3F5-C2EF-40D3-B317-BB58E402D346}"
EndProject
Project("{9A19103F-16F7-4668-BE54-9A1E7A4F7556}") = "EventosTec.Web", "EventosTec.Web\EventosTec.Web.csproj", "{572FA186-4436-4EAE-96D4-4EDF94129F1F}"
EndProject
Project("{9A19103F-16F7-4668-BE54-9A1E7A4F7556}") = "EventosTec.Prism", "EventosTec.Prism\EventosTec.Prism\EventosTec.Prism.csproj", "{DC884D9A-E8E7-4265-A379-14E687C83762}"
EndProject
Project("{FAE04EC0-301F-11D3-BF4B-00C04F79EFBC}") = "EventosTec.Prism.Android", "EventosTec.Prism\EventosTec.Prism.Android\EventosTec.Prism.Android.csproj", "{27AB8A6B-6865-4AF4-8D4D-8DF40C86810E}"
EndProject
Project("{FAE04EC0-301F-11D3-BF4B-00C04F79EFBC}") = "EventosTec.Prism.iOS", "EventosTec.Prism\EventosTec.Prism.iOS\EventosTec.Prism.iOS.csproj", "{DA3FA2CA-0047-4AB9-9D20-0841A5FF8FE5}"
EndProject
Global
	GlobalSection(SolutionConfigurationPlatforms) = preSolution
		Ad-Hoc|Any CPU = Ad-Hoc|Any CPU
		Ad-Hoc|iPhone = Ad-Hoc|iPhone
		Ad-Hoc|iPhoneSimulator = Ad-Hoc|iPhoneSimulator
		AppStore|Any CPU = AppStore|Any CPU
		AppStore|iPhone = AppStore|iPhone
		AppStore|iPhoneSimulator = AppStore|iPhoneSimulator
		Debug|Any CPU = Debug|Any CPU
		Debug|iPhone = Debug|iPhone
		Debug|iPhoneSimulator = Debug|iPhoneSimulator
		Release|Any CPU = Release|Any CPU
		Release|iPhone = Release|iPhone
		Release|iPhoneSimulator = Release|iPhoneSimulator
	EndGlobalSection
	GlobalSection(ProjectConfigurationPlatforms) = postSolution
		{FA85F3F5-C2EF-40D3-B317-BB58E402D346}.Ad-Hoc|Any CPU.ActiveCfg = Release|Any CPU
		{FA85F3F5-C2EF-40D3-B317-BB58E402D346}.Ad-Hoc|Any CPU.Build.0 = Release|Any CPU
		{FA85F3F5-C2EF-40D3-B317-BB58E402D346}.Ad-Hoc|iPhone.ActiveCfg = Release|Any CPU
		{FA85F3F5-C2EF-40D3-B317-BB58E402D346}.Ad-Hoc|iPhone.Build.0 = Release|Any CPU
		{FA85F3F5-C2EF-40D3-B317-BB58E402D346}.Ad-Hoc|iPhoneSimulator.ActiveCfg = Release|Any CPU
		{FA85F3F5-C2EF-40D3-B317-BB58E402D346}.Ad-Hoc|iPhoneSimulator.Build.0 = Release|Any CPU
		{FA85F3F5-C2EF-40D3-B317-BB58E402D346}.AppStore|Any CPU.ActiveCfg = Release|Any CPU
		{FA85F3F5-C2EF-40D3-B317-BB58E402D346}.AppStore|Any CPU.Build.0 = Release|Any CPU
		{FA85F3F5-C2EF-40D3-B317-BB58E402D346}.AppStore|iPhone.ActiveCfg = Release|Any CPU
		{FA85F3F5-C2EF-40D3-B317-BB58E402D346}.AppStore|iPhone.Build.0 = Release|Any CPU
		{FA85F3F5-C2EF-40D3-B317-BB58E402D346}.AppStore|iPhoneSimulator.ActiveCfg = Release|Any CPU
		{FA85F3F5-C2EF-40D3-B317-BB58E402D346}.AppStore|iPhoneSimulator.Build.0 = Release|Any CPU
		{FA85F3F5-C2EF-40D3-B317-BB58E402D346}.Debug|Any CPU.ActiveCfg = Debug|Any CPU
		{FA85F3F5-C2EF-40D3-B317-BB58E402D346}.Debug|Any CPU.Build.0 = Debug|Any CPU
		{FA85F3F5-C2EF-40D3-B317-BB58E402D346}.Debug|iPhone.ActiveCfg = Debug|Any CPU
		{FA85F3F5-C2EF-40D3-B317-BB58E402D346}.Debug|iPhone.Build.0 = Debug|Any CPU
		{FA85F3F5-C2EF-40D3-B317-BB58E402D346}.Debug|iPhoneSimulator.ActiveCfg = Debug|Any CPU
		{FA85F3F5-C2EF-40D3-B317-BB58E402D346}.Debug|iPhoneSimulator.Build.0 = Debug|Any CPU
		{FA85F3F5-C2EF-40D3-B317-BB58E402D346}.Release|Any CPU.ActiveCfg = Release|Any CPU
		{FA85F3F5-C2EF-40D3-B317-BB58E402D346}.Release|Any CPU.Build.0 = Release|Any CPU
		{FA85F3F5-C2EF-40D3-B317-BB58E402D346}.Release|iPhone.ActiveCfg = Release|Any CPU
		{FA85F3F5-C2EF-40D3-B317-BB58E402D346}.Release|iPhone.Build.0 = Release|Any CPU
		{FA85F3F5-C2EF-40D3-B317-BB58E402D346}.Release|iPhoneSimulator.ActiveCfg = Release|Any CPU
		{FA85F3F5-C2EF-40D3-B317-BB58E402D346}.Release|iPhoneSimulator.Build.0 = Release|Any CPU
		{572FA186-4436-4EAE-96D4-4EDF94129F1F}.Ad-Hoc|Any CPU.ActiveCfg = Release|Any CPU
		{572FA186-4436-4EAE-96D4-4EDF94129F1F}.Ad-Hoc|Any CPU.Build.0 = Release|Any CPU
		{572FA186-4436-4EAE-96D4-4EDF94129F1F}.Ad-Hoc|iPhone.ActiveCfg = Release|Any CPU
		{572FA186-4436-4EAE-96D4-4EDF94129F1F}.Ad-Hoc|iPhone.Build.0 = Release|Any CPU
		{572FA186-4436-4EAE-96D4-4EDF94129F1F}.Ad-Hoc|iPhoneSimulator.ActiveCfg = Release|Any CPU
		{572FA186-4436-4EAE-96D4-4EDF94129F1F}.Ad-Hoc|iPhoneSimulator.Build.0 = Release|Any CPU
		{572FA186-4436-4EAE-96D4-4EDF94129F1F}.AppStore|Any CPU.ActiveCfg = Release|Any CPU
		{572FA186-4436-4EAE-96D4-4EDF94129F1F}.AppStore|Any CPU.Build.0 = Release|Any CPU
		{572FA186-4436-4EAE-96D4-4EDF94129F1F}.AppStore|iPhone.ActiveCfg = Release|Any CPU
		{572FA186-4436-4EAE-96D4-4EDF94129F1F}.AppStore|iPhone.Build.0 = Release|Any CPU
		{572FA186-4436-4EAE-96D4-4EDF94129F1F}.AppStore|iPhoneSimulator.ActiveCfg = Release|Any CPU
		{572FA186-4436-4EAE-96D4-4EDF94129F1F}.AppStore|iPhoneSimulator.Build.0 = Release|Any CPU
		{572FA186-4436-4EAE-96D4-4EDF94129F1F}.Debug|Any CPU.ActiveCfg = Debug|Any CPU
		{572FA186-4436-4EAE-96D4-4EDF94129F1F}.Debug|Any CPU.Build.0 = Debug|Any CPU
		{572FA186-4436-4EAE-96D4-4EDF94129F1F}.Debug|iPhone.ActiveCfg = Debug|Any CPU
		{572FA186-4436-4EAE-96D4-4EDF94129F1F}.Debug|iPhone.Build.0 = Debug|Any CPU
		{572FA186-4436-4EAE-96D4-4EDF94129F1F}.Debug|iPhoneSimulator.ActiveCfg = Debug|Any CPU
		{572FA186-4436-4EAE-96D4-4EDF94129F1F}.Debug|iPhoneSimulator.Build.0 = Debug|Any CPU
		{572FA186-4436-4EAE-96D4-4EDF94129F1F}.Release|Any CPU.ActiveCfg = Release|Any CPU
		{572FA186-4436-4EAE-96D4-4EDF94129F1F}.Release|Any CPU.Build.0 = Release|Any CPU
		{572FA186-4436-4EAE-96D4-4EDF94129F1F}.Release|iPhone.ActiveCfg = Release|Any CPU
		{572FA186-4436-4EAE-96D4-4EDF94129F1F}.Release|iPhone.Build.0 = Release|Any CPU
		{572FA186-4436-4EAE-96D4-4EDF94129F1F}.Release|iPhoneSimulator.ActiveCfg = Release|Any CPU
		{572FA186-4436-4EAE-96D4-4EDF94129F1F}.Release|iPhoneSimulator.Build.0 = Release|Any CPU
		{DC884D9A-E8E7-4265-A379-14E687C83762}.Ad-Hoc|Any CPU.ActiveCfg = Debug|Any CPU
		{DC884D9A-E8E7-4265-A379-14E687C83762}.Ad-Hoc|Any CPU.Build.0 = Debug|Any CPU
		{DC884D9A-E8E7-4265-A379-14E687C83762}.Ad-Hoc|iPhone.ActiveCfg = Debug|Any CPU
		{DC884D9A-E8E7-4265-A379-14E687C83762}.Ad-Hoc|iPhone.Build.0 = Debug|Any CPU
		{DC884D9A-E8E7-4265-A379-14E687C83762}.Ad-Hoc|iPhoneSimulator.ActiveCfg = Debug|Any CPU
		{DC884D9A-E8E7-4265-A379-14E687C83762}.Ad-Hoc|iPhoneSimulator.Build.0 = Debug|Any CPU
		{DC884D9A-E8E7-4265-A379-14E687C83762}.AppStore|Any CPU.ActiveCfg = Debug|Any CPU
		{DC884D9A-E8E7-4265-A379-14E687C83762}.AppStore|Any CPU.Build.0 = Debug|Any CPU
		{DC884D9A-E8E7-4265-A379-14E687C83762}.AppStore|iPhone.ActiveCfg = Debug|Any CPU
		{DC884D9A-E8E7-4265-A379-14E687C83762}.AppStore|iPhone.Build.0 = Debug|Any CPU
		{DC884D9A-E8E7-4265-A379-14E687C83762}.AppStore|iPhoneSimulator.ActiveCfg = Debug|Any CPU
		{DC884D9A-E8E7-4265-A379-14E687C83762}.AppStore|iPhoneSimulator.Build.0 = Debug|Any CPU
		{DC884D9A-E8E7-4265-A379-14E687C83762}.Debug|Any CPU.ActiveCfg = Debug|Any CPU
		{DC884D9A-E8E7-4265-A379-14E687C83762}.Debug|Any CPU.Build.0 = Debug|Any CPU
		{DC884D9A-E8E7-4265-A379-14E687C83762}.Debug|iPhone.ActiveCfg = Debug|Any CPU
		{DC884D9A-E8E7-4265-A379-14E687C83762}.Debug|iPhone.Build.0 = Debug|Any CPU
		{DC884D9A-E8E7-4265-A379-14E687C83762}.Debug|iPhoneSimulator.ActiveCfg = Debug|Any CPU
		{DC884D9A-E8E7-4265-A379-14E687C83762}.Debug|iPhoneSimulator.Build.0 = Debug|Any CPU
		{DC884D9A-E8E7-4265-A379-14E687C83762}.Release|Any CPU.ActiveCfg = Release|Any CPU
		{DC884D9A-E8E7-4265-A379-14E687C83762}.Release|Any CPU.Build.0 = Release|Any CPU
		{DC884D9A-E8E7-4265-A379-14E687C83762}.Release|iPhone.ActiveCfg = Release|Any CPU
		{DC884D9A-E8E7-4265-A379-14E687C83762}.Release|iPhone.Build.0 = Release|Any CPU
		{DC884D9A-E8E7-4265-A379-14E687C83762}.Release|iPhoneSimulator.ActiveCfg = Release|Any CPU
		{DC884D9A-E8E7-4265-A379-14E687C83762}.Release|iPhoneSimulator.Build.0 = Release|Any CPU
		{27AB8A6B-6865-4AF4-8D4D-8DF40C86810E}.Ad-Hoc|Any CPU.ActiveCfg = Release|Any CPU
		{27AB8A6B-6865-4AF4-8D4D-8DF40C86810E}.Ad-Hoc|Any CPU.Build.0 = Release|Any CPU
		{27AB8A6B-6865-4AF4-8D4D-8DF40C86810E}.Ad-Hoc|Any CPU.Deploy.0 = Release|Any CPU
		{27AB8A6B-6865-4AF4-8D4D-8DF40C86810E}.Ad-Hoc|iPhone.ActiveCfg = Release|Any CPU
		{27AB8A6B-6865-4AF4-8D4D-8DF40C86810E}.Ad-Hoc|iPhone.Build.0 = Release|Any CPU
		{27AB8A6B-6865-4AF4-8D4D-8DF40C86810E}.Ad-Hoc|iPhone.Deploy.0 = Release|Any CPU
		{27AB8A6B-6865-4AF4-8D4D-8DF40C86810E}.Ad-Hoc|iPhoneSimulator.ActiveCfg = Release|Any CPU
		{27AB8A6B-6865-4AF4-8D4D-8DF40C86810E}.Ad-Hoc|iPhoneSimulator.Build.0 = Release|Any CPU
		{27AB8A6B-6865-4AF4-8D4D-8DF40C86810E}.Ad-Hoc|iPhoneSimulator.Deploy.0 = Release|Any CPU
		{27AB8A6B-6865-4AF4-8D4D-8DF40C86810E}.AppStore|Any CPU.ActiveCfg = Release|Any CPU
		{27AB8A6B-6865-4AF4-8D4D-8DF40C86810E}.AppStore|Any CPU.Build.0 = Release|Any CPU
		{27AB8A6B-6865-4AF4-8D4D-8DF40C86810E}.AppStore|Any CPU.Deploy.0 = Release|Any CPU
		{27AB8A6B-6865-4AF4-8D4D-8DF40C86810E}.AppStore|iPhone.ActiveCfg = Release|Any CPU
		{27AB8A6B-6865-4AF4-8D4D-8DF40C86810E}.AppStore|iPhone.Build.0 = Release|Any CPU
		{27AB8A6B-6865-4AF4-8D4D-8DF40C86810E}.AppStore|iPhone.Deploy.0 = Release|Any CPU
		{27AB8A6B-6865-4AF4-8D4D-8DF40C86810E}.AppStore|iPhoneSimulator.ActiveCfg = Release|Any CPU
		{27AB8A6B-6865-4AF4-8D4D-8DF40C86810E}.AppStore|iPhoneSimulator.Build.0 = Release|Any CPU
		{27AB8A6B-6865-4AF4-8D4D-8DF40C86810E}.AppStore|iPhoneSimulator.Deploy.0 = Release|Any CPU
		{27AB8A6B-6865-4AF4-8D4D-8DF40C86810E}.Debug|Any CPU.ActiveCfg = Debug|Any CPU
		{27AB8A6B-6865-4AF4-8D4D-8DF40C86810E}.Debug|Any CPU.Build.0 = Debug|Any CPU
		{27AB8A6B-6865-4AF4-8D4D-8DF40C86810E}.Debug|Any CPU.Deploy.0 = Debug|Any CPU
		{27AB8A6B-6865-4AF4-8D4D-8DF40C86810E}.Debug|iPhone.ActiveCfg = Debug|Any CPU
		{27AB8A6B-6865-4AF4-8D4D-8DF40C86810E}.Debug|iPhone.Build.0 = Debug|Any CPU
		{27AB8A6B-6865-4AF4-8D4D-8DF40C86810E}.Debug|iPhone.Deploy.0 = Debug|Any CPU
		{27AB8A6B-6865-4AF4-8D4D-8DF40C86810E}.Debug|iPhoneSimulator.ActiveCfg = Debug|Any CPU
		{27AB8A6B-6865-4AF4-8D4D-8DF40C86810E}.Debug|iPhoneSimulator.Build.0 = Debug|Any CPU
		{27AB8A6B-6865-4AF4-8D4D-8DF40C86810E}.Debug|iPhoneSimulator.Deploy.0 = Debug|Any CPU
		{27AB8A6B-6865-4AF4-8D4D-8DF40C86810E}.Release|Any CPU.ActiveCfg = Release|Any CPU
		{27AB8A6B-6865-4AF4-8D4D-8DF40C86810E}.Release|Any CPU.Build.0 = Release|Any CPU
		{27AB8A6B-6865-4AF4-8D4D-8DF40C86810E}.Release|Any CPU.Deploy.0 = Release|Any CPU
		{27AB8A6B-6865-4AF4-8D4D-8DF40C86810E}.Release|iPhone.ActiveCfg = Release|Any CPU
		{27AB8A6B-6865-4AF4-8D4D-8DF40C86810E}.Release|iPhone.Build.0 = Release|Any CPU
		{27AB8A6B-6865-4AF4-8D4D-8DF40C86810E}.Release|iPhone.Deploy.0 = Release|Any CPU
		{27AB8A6B-6865-4AF4-8D4D-8DF40C86810E}.Release|iPhoneSimulator.ActiveCfg = Release|Any CPU
		{27AB8A6B-6865-4AF4-8D4D-8DF40C86810E}.Release|iPhoneSimulator.Build.0 = Release|Any CPU
		{27AB8A6B-6865-4AF4-8D4D-8DF40C86810E}.Release|iPhoneSimulator.Deploy.0 = Release|Any CPU
		{DA3FA2CA-0047-4AB9-9D20-0841A5FF8FE5}.Ad-Hoc|Any CPU.ActiveCfg = Ad-Hoc|iPhone
		{DA3FA2CA-0047-4AB9-9D20-0841A5FF8FE5}.Ad-Hoc|iPhone.ActiveCfg = Ad-Hoc|iPhone
		{DA3FA2CA-0047-4AB9-9D20-0841A5FF8FE5}.Ad-Hoc|iPhone.Build.0 = Ad-Hoc|iPhone
		{DA3FA2CA-0047-4AB9-9D20-0841A5FF8FE5}.Ad-Hoc|iPhoneSimulator.ActiveCfg = Ad-Hoc|iPhoneSimulator
		{DA3FA2CA-0047-4AB9-9D20-0841A5FF8FE5}.Ad-Hoc|iPhoneSimulator.Build.0 = Ad-Hoc|iPhoneSimulator
		{DA3FA2CA-0047-4AB9-9D20-0841A5FF8FE5}.AppStore|Any CPU.ActiveCfg = AppStore|iPhone
		{DA3FA2CA-0047-4AB9-9D20-0841A5FF8FE5}.AppStore|iPhone.ActiveCfg = AppStore|iPhone
		{DA3FA2CA-0047-4AB9-9D20-0841A5FF8FE5}.AppStore|iPhone.Build.0 = AppStore|iPhone
		{DA3FA2CA-0047-4AB9-9D20-0841A5FF8FE5}.AppStore|iPhoneSimulator.ActiveCfg = AppStore|iPhoneSimulator
		{DA3FA2CA-0047-4AB9-9D20-0841A5FF8FE5}.AppStore|iPhoneSimulator.Build.0 = AppStore|iPhoneSimulator
		{DA3FA2CA-0047-4AB9-9D20-0841A5FF8FE5}.Debug|Any CPU.ActiveCfg = Debug|iPhone
		{DA3FA2CA-0047-4AB9-9D20-0841A5FF8FE5}.Debug|iPhone.ActiveCfg = Debug|iPhone
		{DA3FA2CA-0047-4AB9-9D20-0841A5FF8FE5}.Debug|iPhone.Build.0 = Debug|iPhone
		{DA3FA2CA-0047-4AB9-9D20-0841A5FF8FE5}.Debug|iPhoneSimulator.ActiveCfg = Debug|iPhoneSimulator
		{DA3FA2CA-0047-4AB9-9D20-0841A5FF8FE5}.Debug|iPhoneSimulator.Build.0 = Debug|iPhoneSimulator
		{DA3FA2CA-0047-4AB9-9D20-0841A5FF8FE5}.Release|Any CPU.ActiveCfg = Release|iPhone
		{DA3FA2CA-0047-4AB9-9D20-0841A5FF8FE5}.Release|iPhone.ActiveCfg = Release|iPhone
		{DA3FA2CA-0047-4AB9-9D20-0841A5FF8FE5}.Release|iPhone.Build.0 = Release|iPhone
		{DA3FA2CA-0047-4AB9-9D20-0841A5FF8FE5}.Release|iPhoneSimulator.ActiveCfg = Release|iPhoneSimulator
		{DA3FA2CA-0047-4AB9-9D20-0841A5FF8FE5}.Release|iPhoneSimulator.Build.0 = Release|iPhoneSimulator
	EndGlobalSection
	GlobalSection(SolutionProperties) = preSolution
		HideSolutionNode = FALSE
	EndGlobalSection
	GlobalSection(ExtensibilityGlobals) = postSolution
		SolutionGuid = {9015E590-8D24-457F-BFC2-984FCB113CB9}
	EndGlobalSection
EndGlobal
